
Microsoft Visual Studio Solution File, Format Version 12.00
# Visual Studio Version 17
VisualStudioVersion = 17.10.34804.81
MinimumVisualStudioVersion = 10.0.40219.1
Project("{FAE04EC0-301F-11D3-BF4B-00C04F79EFBC}") = "MSUFRIBCodeTest", "MSUFRIBCodeTest\MSUFRIBCodeTest.csproj", "{76245D6D-C5D1-475F-8360-F72E0557FECE}"
EndProject
Global
	GlobalSection(SolutionConfigurationPlatforms) = preSolution
		Debug|Any CPU = Debug|Any CPU
		Release|Any CPU = Release|Any CPU
	EndGlobalSection
	GlobalSection(ProjectConfigurationPlatforms) = postSolution
		{76245D6D-C5D1-475F-8360-F72E0557FECE}.Debug|Any CPU.ActiveCfg = Debug|Any CPU
		{76245D6D-C5D1-475F-8360-F72E0557FECE}.Debug|Any CPU.Build.0 = Debug|Any CPU
		{76245D6D-C5D1-475F-8360-F72E0557FECE}.Release|Any CPU.ActiveCfg = Release|Any CPU
		{76245D6D-C5D1-475F-8360-F72E0557FECE}.Release|Any CPU.Build.0 = Release|Any CPU
	EndGlobalSection
	GlobalSection(SolutionProperties) = preSolution
		HideSolutionNode = FALSE
	EndGlobalSection
	GlobalSection(ExtensibilityGlobals) = postSolution
		SolutionGuid = {A13399DB-C700-4666-AA1F-E11F79EAAC7A}
	EndGlobalSection
EndGlobal
